lockfile_version: '1'
apm_version: 0.30.0
dependencies:
- repo_url: quiram/winnow
  name: 43a04113a93ae0c0905b449e20ba5a7f0e4547178dd19f98abc4667c1e6a68ef
  host: github.com
  resolved_commit: cb4d8dadd14b2ff97820f6971b5b57f15c7fd4e4
  resolved_ref: v0.8.0
  version: 0.8.0
  package_type: skill_bundle
  deployed_files:
  - .claude/skills/create-tasks
  - .claude/skills/create-tasks/SKILL.md
  - .claude/skills/listen-to-meeting
  - .claude/skills/listen-to-meeting/SKILL.md
  - .claude/skills/listen-to-meeting/scripts/listen.py
  - .claude/skills/listen-to-meeting/scripts/macos/SystemAudioCapture.swift
  - .claude/skills/listen-to-meeting/scripts/session.py
  - .claude/skills/listen-to-meeting/scripts/wait.py
  - .claude/skills/process-requirements
  - .claude/skills/process-requirements/SKILL.md
  - .claude/skills/setup-audio
  - .claude/skills/setup-audio/SKILL.md
  - .claude/skills/transcribe-audio
  - .claude/skills/transcribe-audio/SKILL.md
  - .claude/skills/transcribe-audio/scripts/transcribe.py
  - .claude/skills/update-context
  - .claude/skills/update-context/SKILL.md
  deployed_file_hashes:
    .claude/skills/create-tasks/SKILL.md: sha256:d525a04ab6ce2b3bdafd528e91aec5dc203b2e1206c87027845a3e76ec52bdb2
    .claude/skills/listen-to-meeting/SKILL.md: sha256:85ebc99a4fe0f78e331725e2ab81fc86859c490898fc71cfc797317c9b627ae3
    .claude/skills/listen-to-meeting/scripts/listen.py: sha256:2748badf4ce731946d01d0433d3bad0641016ae17426640480cc12ea56558447
    .claude/skills/listen-to-meeting/scripts/macos/SystemAudioCapture.swift: sha256:2bb4bdc08cc32ea7d46fd17bfd8ce5b72fc5d89f64e8e2abb57ff9bcf3b8b1c3
    .claude/skills/listen-to-meeting/scripts/session.py: sha256:1199a5709e99a49de14a0386f4cd77cbb9c6aa5f6b7159b1ddbf45d41b2ccff2
    .claude/skills/listen-to-meeting/scripts/wait.py: sha256:b768f33cb38f5a14691ec709f9c3a14384c6cd07fe67d82916a94a06a4b0ac18
    .claude/skills/process-requirements/SKILL.md: sha256:52c00b26879404a4291faf10ccfd3cc5ff0469048a486f8b59bc289af8e84f19
    .claude/skills/setup-audio/SKILL.md: sha256:74413a6c8fd6ee449cb438186ea02c1cab8eb0c86c93152e37307155c105785f
    .claude/skills/transcribe-audio/SKILL.md: sha256:d621729ed2834c21e1f48a8808d44ddfee47c2472e106f87407c982b4d7cc94a
    .claude/skills/transcribe-audio/scripts/transcribe.py: sha256:458bec177d2f6ec6853ff84c6dd32c608bf63984c55fa5683a997acf792ff014
    .claude/skills/update-context/SKILL.md: sha256:e9e7d4006533c38c20b627581cf87d4a204db527620f65c0e9a8cfd603a0ce6c
  content_hash: sha256:344968646023b73f5a0c5b319f307e6a9305753d4eee3a57e4ace6757590a9de
  declared_license: MIT
deployments:
- kind: project-relative
  target: claude
  value: .claude/skills/create-tasks
  runtime: null
  scope: project
  owners:
  - quiram/winnow
  active_owner: quiram/winnow
  content_hash: null
- kind: project-relative
  target: claude
  value: .claude/skills/create-tasks/SKILL.md
  runtime: null
  scope: project
  owners:
  - quiram/winnow
  active_owner: quiram/winnow
  content_hash: sha256:d525a04ab6ce2b3bdafd528e91aec5dc203b2e1206c87027845a3e76ec52bdb2
- kind: project-relative
  target: claude
  value: .claude/skills/listen-to-meeting
  runtime: null
  scope: project
  owners:
  - quiram/winnow
  active_owner: quiram/winnow
  content_hash: null
- kind: project-relative
  target: claude
  value: .claude/skills/listen-to-meeting/SKILL.md
  runtime: null
  scope: project
  owners:
  - quiram/winnow
  active_owner: quiram/winnow
  content_hash: sha256:85ebc99a4fe0f78e331725e2ab81fc86859c490898fc71cfc797317c9b627ae3
- kind: project-relative
  target: claude
  value: .claude/skills/listen-to-meeting/scripts/listen.py
  runtime: null
  scope: project
  owners:
  - quiram/winnow
  active_owner: quiram/winnow
  content_hash: sha256:2748badf4ce731946d01d0433d3bad0641016ae17426640480cc12ea56558447
- kind: project-relative
  target: claude
  value: .claude/skills/listen-to-meeting/scripts/macos/SystemAudioCapture.swift
  runtime: null
  scope: project
  owners:
  - quiram/winnow
  active_owner: quiram/winnow
  content_hash: sha256:2bb4bdc08cc32ea7d46fd17bfd8ce5b72fc5d89f64e8e2abb57ff9bcf3b8b1c3
- kind: project-relative
  target: claude
  value: .claude/skills/listen-to-meeting/scripts/session.py
  runtime: null
  scope: project
  owners:
  - quiram/winnow
  active_owner: quiram/winnow
  content_hash: sha256:1199a5709e99a49de14a0386f4cd77cbb9c6aa5f6b7159b1ddbf45d41b2ccff2
- kind: project-relative
  target: claude
  value: .claude/skills/listen-to-meeting/scripts/wait.py
  runtime: null
  scope: project
  owners:
  - quiram/winnow
  active_owner: quiram/winnow
  content_hash: sha256:b768f33cb38f5a14691ec709f9c3a14384c6cd07fe67d82916a94a06a4b0ac18
- kind: project-relative
  target: claude
  value: .claude/skills/process-requirements
  runtime: null
  scope: project
  owners:
  - quiram/winnow
  active_owner: quiram/winnow
  content_hash: null
- kind: project-relative
  target: claude
  value: .claude/skills/process-requirements/SKILL.md
  runtime: null
  scope: project
  owners:
  - quiram/winnow
  active_owner: quiram/winnow
  content_hash: sha256:52c00b26879404a4291faf10ccfd3cc5ff0469048a486f8b59bc289af8e84f19
- kind: project-relative
  target: claude
  value: .claude/skills/setup-audio
  runtime: null
  scope: project
  owners:
  - quiram/winnow
  active_owner: quiram/winnow
  content_hash: null
- kind: project-relative
  target: claude
  value: .claude/skills/setup-audio/SKILL.md
  runtime: null
  scope: project
  owners:
  - quiram/winnow
  active_owner: quiram/winnow
  content_hash: sha256:74413a6c8fd6ee449cb438186ea02c1cab8eb0c86c93152e37307155c105785f
- kind: project-relative
  target: claude
  value: .claude/skills/transcribe-audio
  runtime: null
  scope: project
  owners:
  - quiram/winnow
  active_owner: quiram/winnow
  content_hash: null
- kind: project-relative
  target: claude
  value: .claude/skills/transcribe-audio/SKILL.md
  runtime: null
  scope: project
  owners:
  - quiram/winnow
  active_owner: quiram/winnow
  content_hash: sha256:d621729ed2834c21e1f48a8808d44ddfee47c2472e106f87407c982b4d7cc94a
- kind: project-relative
  target: claude
  value: .claude/skills/transcribe-audio/scripts/transcribe.py
  runtime: null
  scope: project
  owners:
  - quiram/winnow
  active_owner: quiram/winnow
  content_hash: sha256:458bec177d2f6ec6853ff84c6dd32c608bf63984c55fa5683a997acf792ff014
- kind: project-relative
  target: claude
  value: .claude/skills/update-context
  runtime: null
  scope: project
  owners:
  - quiram/winnow
  active_owner: quiram/winnow
  content_hash: null
- kind: project-relative
  target: claude
  value: .claude/skills/update-context/SKILL.md
  runtime: null
  scope: project
  owners:
  - quiram/winnow
  active_owner: quiram/winnow
  content_hash: sha256:e9e7d4006533c38c20b627581cf87d4a204db527620f65c0e9a8cfd603a0ce6c
